PODS:
  - ActionClosurable (2.0.0)
  - CryptoSwift (1.4.2)
  - PieCharts (0.0.7)
  - SwiftCharts (0.6.5)

DEPENDENCIES:
  - ActionClosurable (from `https://github.com/takasek/ActionClosurable.git`)
  - CryptoSwift (~> 1.4.0)
  - PieCharts
  - SwiftCharts (~> 0.6.5)

SPEC REPOS:
  trunk:
    - CryptoSwift
    - PieCharts
    - SwiftCharts

EXTERNAL SOURCES:
  ActionClosurable:
    :git: https://github.com/takasek/ActionClosurable.git

CHECKOUT OPTIONS:
  ActionClosurable:
    :commit: a1a589cd4189768c0ac7a49da7296d95a7f4f914
    :git: https://github.com/takasek/ActionClosurable.git

SPEC CHECKSUMS:
  ActionClosurable: 92729a0f0bb4b38d2744319ea8282a3ce8fb1e0a
  CryptoSwift: a532e74ed010f8c95f611d00b8bbae42e9fe7c17
  PieCharts: 30e50dfa7dc19e5b84e9878d32089673ef5d0453
  SwiftCharts: 2e755ea292f0b87d3e4b2c1eb5afc080a20cdc15

PODFILE CHECKSUM: 9e7c827934c9a391ed069c554e2082e1775255df

COCOAPODS: 1.11.3
