{
  "object": {
    "pins": [
      {
        "package": "LibreTools",
        "repositoryURL": "https://github.com/ivalkou/LibreTools",
        "state": {
          "branch": null,
          "revision": "f54298ca79b514411b160a92b8da77d655766030",
          "version": "1.0.8"
        }
      }
    ]
  },
  "version": 1
}
