{
  "pins" : [
    {
      "identity" : "actionclosurable",
      "kind" : "remoteSourceControl",
      "location" : "https://github.com/takasek/ActionClosurable.git",
      "state" : {
        "revision" : "a1a589cd4189768c0ac7a49da7296d95a7f4f914",
        "version" : "2.1.0"
      }
    },
    {
      "identity" : "cryptoswift",
      "kind" : "remoteSourceControl",
      "location" : "https://github.com/krzyzanowskim/CryptoSwift.git",
      "state" : {
        "revision" : "32f641cf24fc7abc1c591a2025e9f2f572648b0f",
        "version" : "1.7.2"
      }
    },
    {
      "identity" : "piecharts",
      "kind" : "remoteSourceControl",
      "location" : "https://github.com/paulplant/PieCharts",
      "state" : {
        "branch" : "master",
        "revision" : "15128eb4d1126dcdca4a5b665cece6be9f5dac91"
      }
    },
    {
      "identity" : "swiftcharts",
      "kind" : "remoteSourceControl",
      "location" : "https://github.com/ivanschuetz/SwiftCharts",
      "state" : {
        "branch" : "master",
        "revision" : "c354c1945bb35a1f01b665b22474f6db28cba4a2"
      }
    }
  ],
  "version" : 2
}
