// !$*UTF8*$!
{
	archiveVersion = 1;
	classes = {
	};
	objectVersion = 50;
	objects = {

/* Begin PBXBuildFile section */
		F8025C0821D8DD1F00ECF0C0 /* CGMMiaoMiaoTransmitter.swift in Sources */ = {isa = PBXBuildFile; fileRef = F8025C0721D8DD1F00ECF0C0 /* CGMMiaoMiaoTransmitter.swift */; };
		F8025C0A21D94FD700ECF0C0 /* Bluetooth.swift in Sources */ = {isa = PBXBuildFile; fileRef = F8025C0921D94FD700ECF0C0 /* Bluetooth.swift */; };
		F8025C0D21D95E6B00ECF0C0 /* BluetoothTransmitterDelegate.swift in Sources */ = {isa = PBXBuildFile; fileRef = F8025C0C21D95E6B00ECF0C0 /* BluetoothTransmitterDelegate.swift */; };
		F8025C0F21D95EC200ECF0C0 /* CGMTransmitterDelegate.swift in Sources */ = {isa = PBXBuildFile; fileRef = F8025C0E21D95EC200ECF0C0 /* CGMTransmitterDelegate.swift */; };
		F85DC2EB21CFE2F500B9F74A /* Calibration+CoreDataProperties.swift in Sources */ = {isa = PBXBuildFile; fileRef = F85DC2E521CFE2F500B9F74A /* Calibration+CoreDataProperties.swift */; };
		F85DC2ED21CFE2F500B9F74A /* BgReading+CoreDataProperties.swift in Sources */ = {isa = PBXBuildFile; fileRef = F85DC2E721CFE2F500B9F74A /* BgReading+CoreDataProperties.swift */; };
		F85DC2EF21CFE2F500B9F74A /* Sensor+CoreDataProperties.swift in Sources */ = {isa = PBXBuildFile; fileRef = F85DC2E921CFE2F500B9F74A /* Sensor+CoreDataProperties.swift */; };
		F85DC2F321CFE3D400B9F74A /* Calibration+CoreDataClass.swift in Sources */ = {isa = PBXBuildFile; fileRef = F85DC2F021CFE3D400B9F74A /* Calibration+CoreDataClass.swift */; };
		F85DC2F421CFE3D400B9F74A /* Sensor+CoreDataClass.swift in Sources */ = {isa = PBXBuildFile; fileRef = F85DC2F121CFE3D400B9F74A /* Sensor+CoreDataClass.swift */; };
		F85DC2F521CFE3D400B9F74A /* BgReading+CoreDataClass.swift in Sources */ = {isa = PBXBuildFile; fileRef = F85DC2F221CFE3D400B9F74A /* BgReading+CoreDataClass.swift */; };
		F85DC2F821D2632F00B9F74A /* CoreDataManager.swift in Sources */ = {isa = PBXBuildFile; fileRef = F85DC2F721D2632F00B9F74A /* CoreDataManager.swift */; };
		F85DC30121D3F5CC00B9F74A /* CGMG4xDripTransmitter.swift in Sources */ = {isa = PBXBuildFile; fileRef = F85DC30021D3F5CC00B9F74A /* CGMG4xDripTransmitter.swift */; };
		F8AC425E21ADEBD60078C348 /* AppDelegate.swift in Sources */ = {isa = PBXBuildFile; fileRef = F8AC425D21ADEBD60078C348 /* AppDelegate.swift */; };
		F8AC426021ADEBD60078C348 /* FirstViewController.swift in Sources */ = {isa = PBXBuildFile; fileRef = F8AC425F21ADEBD60078C348 /* FirstViewController.swift */; };
		F8AC426221ADEBD60078C348 /* SecondViewController.swift in Sources */ = {isa = PBXBuildFile; fileRef = F8AC426121ADEBD60078C348 /* SecondViewController.swift */; };
		F8AC426521ADEBD60078C348 /* Main.storyboard in Resources */ = {isa = PBXBuildFile; fileRef = F8AC426321ADEBD60078C348 /* Main.storyboard */; };
		F8AC426721ADEBD70078C348 /* Assets.xcassets in Resources */ = {isa = PBXBuildFile; fileRef = F8AC426621ADEBD70078C348 /* Assets.xcassets */; };
		F8AC426A21ADEBD70078C348 /* LaunchScreen.storyboard in Resources */ = {isa = PBXBuildFile; fileRef = F8AC426821ADEBD70078C348 /* LaunchScreen.storyboard */; };
		F8AC42A121B31F170078C348 /* xdrip.xcdatamodeld in Sources */ = {isa = PBXBuildFile; fileRef = F8AC429F21B31F160078C348 /* xdrip.xcdatamodeld */; };
		F8EA6C7A21B48B390082976B /* BgReadingAlgorithms.swift in Sources */ = {isa = PBXBuildFile; fileRef = F8EA6C7921B48B390082976B /* BgReadingAlgorithms.swift */; };
		F8EA6C7C21B491740082976B /* BgReadings.swift in Sources */ = {isa = PBXBuildFile; fileRef = F8EA6C7B21B491740082976B /* BgReadings.swift */; };
		F8EA6C7F21B70E390082976B /* Constants.swift in Sources */ = {isa = PBXBuildFile; fileRef = F8EA6C7E21B70E390082976B /* Constants.swift */; };
		F8EA6C8221B723BC0082976B /* Date.swift in Sources */ = {isa = PBXBuildFile; fileRef = F8EA6C8121B723BC0082976B /* Date.swift */; };
		F8EA6C9621B848C20082976B /* ActiveSensor.swift in Sources */ = {isa = PBXBuildFile; fileRef = F8EA6C9521B848C20082976B /* ActiveSensor.swift */; };
		F8EA6CA921BBE3010082976B /* UniqueId.swift in Sources */ = {isa = PBXBuildFile; fileRef = F8EA6CA821BBE3010082976B /* UniqueId.swift */; };
		F8EA6CAD21BC2CA40082976B /* BluetoothTransmitter.swift in Sources */ = {isa = PBXBuildFile; fileRef = F8EA6CAC21BC2CA40082976B /* BluetoothTransmitter.swift */; };
		F8EA6CAF21C0213C0082976B /* CalibrationAlgorithms.swift in Sources */ = {isa = PBXBuildFile; fileRef = F8EA6CAE21C0213C0082976B /* CalibrationAlgorithms.swift */; };
		F8EA6CB121C05E970082976B /* Calibrations.swift in Sources */ = {isa = PBXBuildFile; fileRef = F8EA6CB021C05E970082976B /* Calibrations.swift */; };
		F8EA6CB321CD5DD90082976B /* SlopeParameters.swift in Sources */ = {isa = PBXBuildFile; fileRef = F8EA6CB221CD5DD90082976B /* SlopeParameters.swift */; };
/* End PBXBuildFile section */

/* Begin PBXFileReference section */
		F8025C0721D8DD1F00ECF0C0 /* CGMMiaoMiaoTransmitter.swift */ = {isa = PBXFileReference; lastKnownFileType = sourcecode.swift; path = CGMMiaoMiaoTransmitter.swift; sourceTree = "<group>"; };
		F8025C0921D94FD700ECF0C0 /* Bluetooth.swift */ = {isa = PBXFileReference; lastKnownFileType = sourcecode.swift; path = Bluetooth.swift; sourceTree = "<group>"; };
		F8025C0C21D95E6B00ECF0C0 /* BluetoothTransmitterDelegate.swift */ = {isa = PBXFileReference; lastKnownFileType = sourcecode.swift; path = BluetoothTransmitterDelegate.swift; sourceTree = "<group>"; };
		F8025C0E21D95EC200ECF0C0 /* CGMTransmitterDelegate.swift */ = {isa = PBXFileReference; lastKnownFileType = sourcecode.swift; path = CGMTransmitterDelegate.swift; sourceTree = "<group>"; };
		F85DC2E521CFE2F500B9F74A /* Calibration+CoreDataProperties.swift */ = {isa = PBXFileReference; lastKnownFileType = sourcecode.swift; path = "Calibration+CoreDataProperties.swift"; sourceTree = "<group>"; };
		F85DC2E721CFE2F500B9F74A /* BgReading+CoreDataProperties.swift */ = {isa = PBXFileReference; lastKnownFileType = sourcecode.swift; path = "BgReading+CoreDataProperties.swift"; sourceTree = "<group>"; };
		F85DC2E921CFE2F500B9F74A /* Sensor+CoreDataProperties.swift */ = {isa = PBXFileReference; lastKnownFileType = sourcecode.swift; path = "Sensor+CoreDataProperties.swift"; sourceTree = "<group>"; };
		F85DC2F021CFE3D400B9F74A /* Calibration+CoreDataClass.swift */ = {isa = PBXFileReference; fileEncoding = 4; lastKnownFileType = sourcecode.swift; path = "Calibration+CoreDataClass.swift"; sourceTree = "<group>"; };
		F85DC2F121CFE3D400B9F74A /* Sensor+CoreDataClass.swift */ = {isa = PBXFileReference; fileEncoding = 4; lastKnownFileType = sourcecode.swift; path = "Sensor+CoreDataClass.swift"; sourceTree = "<group>"; };
		F85DC2F221CFE3D400B9F74A /* BgReading+CoreDataClass.swift */ = {isa = PBXFileReference; fileEncoding = 4; lastKnownFileType = sourcecode.swift; path = "BgReading+CoreDataClass.swift"; sourceTree = "<group>"; };
		F85DC2F721D2632F00B9F74A /* CoreDataManager.swift */ = {isa = PBXFileReference; lastKnownFileType = sourcecode.swift; path = CoreDataManager.swift; sourceTree = "<group>"; };
		F85DC30021D3F5CC00B9F74A /* CGMG4xDripTransmitter.swift */ = {isa = PBXFileReference; lastKnownFileType = sourcecode.swift; path = CGMG4xDripTransmitter.swift; sourceTree = "<group>"; };
		F8AC425A21ADEBD60078C348 /* xdrip.app */ = {isa = PBXFileReference; explicitFileType = wrapper.application; includeInIndex = 0; path = xdrip.app; sourceTree = BUILT_PRODUCTS_DIR; };
		F8AC425D21ADEBD60078C348 /* AppDelegate.swift */ = {isa = PBXFileReference; lastKnownFileType = sourcecode.swift; path = AppDelegate.swift; sourceTree = "<group>"; };
		F8AC425F21ADEBD60078C348 /* FirstViewController.swift */ = {isa = PBXFileReference; lastKnownFileType = sourcecode.swift; path = FirstViewController.swift; sourceTree = "<group>"; };
		F8AC426121ADEBD60078C348 /* SecondViewController.swift */ = {isa = PBXFileReference; lastKnownFileType = sourcecode.swift; path = SecondViewController.swift; sourceTree = "<group>"; };
		F8AC426421ADEBD60078C348 /* Base */ = {isa = PBXFileReference; lastKnownFileType = file.storyboard; name = Base; path = Base.lproj/Main.storyboard; sourceTree = "<group>"; };
		F8AC426621ADEBD70078C348 /* Assets.xcassets */ = {isa = PBXFileReference; lastKnownFileType = folder.assetcatalog; path = Assets.xcassets; sourceTree = "<group>"; };
		F8AC426921ADEBD70078C348 /* Base */ = {isa = PBXFileReference; lastKnownFileType = file.storyboard; name = Base; path = Base.lproj/LaunchScreen.storyboard; sourceTree = "<group>"; };
		F8AC426B21ADEBD70078C348 /* Info.plist */ = {isa = PBXFileReference; lastKnownFileType = text.plist.xml; path = Info.plist; sourceTree = "<group>"; };
		F8AC42A021B31F160078C348 /* xdrip.xcdatamodel */ = {isa = PBXFileReference; lastKnownFileType = wrapper.xcdatamodel; path = xdrip.xcdatamodel; sourceTree = "<group>"; };
		F8EA6C7921B48B390082976B /* BgReadingAlgorithms.swift */ = {isa = PBXFileReference; lastKnownFileType = sourcecode.swift; path = BgReadingAlgorithms.swift; sourceTree = "<group>"; };
		F8EA6C7B21B491740082976B /* BgReadings.swift */ = {isa = PBXFileReference; lastKnownFileType = sourcecode.swift; path = BgReadings.swift; sourceTree = "<group>"; };
		F8EA6C7E21B70E390082976B /* Constants.swift */ = {isa = PBXFileReference; lastKnownFileType = sourcecode.swift; path = Constants.swift; sourceTree = "<group>"; };
		F8EA6C8121B723BC0082976B /* Date.swift */ = {isa = PBXFileReference; lastKnownFileType = sourcecode.swift; path = Date.swift; sourceTree = "<group>"; };
		F8EA6C9521B848C20082976B /* ActiveSensor.swift */ = {isa = PBXFileReference; lastKnownFileType = sourcecode.swift; path = ActiveSensor.swift; sourceTree = "<group>"; };
		F8EA6CA821BBE3010082976B /* UniqueId.swift */ = {isa = PBXFileReference; lastKnownFileType = sourcecode.swift; path = UniqueId.swift; sourceTree = "<group>"; };
		F8EA6CAC21BC2CA40082976B /* BluetoothTransmitter.swift */ = {isa = PBXFileReference; lastKnownFileType = sourcecode.swift; path = BluetoothTransmitter.swift; sourceTree = "<group>"; };
		F8EA6CAE21C0213C0082976B /* CalibrationAlgorithms.swift */ = {isa = PBXFileReference; lastKnownFileType = sourcecode.swift; path = CalibrationAlgorithms.swift; sourceTree = "<group>"; };
		F8EA6CB021C05E970082976B /* Calibrations.swift */ = {isa = PBXFileReference; lastKnownFileType = sourcecode.swift; path = Calibrations.swift; sourceTree = "<group>"; };
		F8EA6CB221CD5DD90082976B /* SlopeParameters.swift */ = {isa = PBXFileReference; lastKnownFileType = sourcecode.swift; path = SlopeParameters.swift; sourceTree = "<group>"; };
/* End PBXFileReference section */

/* Begin PBXFrameworksBuildPhase section */
		F8AC425721ADEBD60078C348 /* Frameworks */ = {
			isa = PBXFrameworksBuildPhase;
			buildActionMask = 2147483647;
			files = (
			);
			runOnlyForDeploymentPostprocessing = 0;
		};
/* End PBXFrameworksBuildPhase section */

/* Begin PBXGroup section */
		F8025C0621D8DCE700ECF0C0 /* MiaoMiao */ = {
			isa = PBXGroup;
			children = (
				F8025C0721D8DD1F00ECF0C0 /* CGMMiaoMiaoTransmitter.swift */,
			);
			path = MiaoMiao;
			sourceTree = "<group>";
		};
		F8025C0B21D9513400ECF0C0 /* Extensions */ = {
			isa = PBXGroup;
			children = (
				F8EA6C8121B723BC0082976B /* Date.swift */,
				F8025C0921D94FD700ECF0C0 /* Bluetooth.swift */,
			);
			path = Extensions;
			sourceTree = "<group>";
		};
		F85DC29B21CFCEB800B9F74A /* Recovered References */ = {
			isa = PBXGroup;
			children = (
			);
			name = "Recovered References";
			sourceTree = "<group>";
		};
		F85DC2F621D25E3A00B9F74A /* Managers */ = {
			isa = PBXGroup;
			children = (
				F85DC2F721D2632F00B9F74A /* CoreDataManager.swift */,
			);
			path = Managers;
			sourceTree = "<group>";
		};
		F85DC2F921D2CCC000B9F74A /* Storyboards */ = {
			isa = PBXGroup;
			children = (
				F8AC426821ADEBD70078C348 /* LaunchScreen.storyboard */,
				F8AC426321ADEBD60078C348 /* Main.storyboard */,
			);
			path = Storyboards;
			sourceTree = "<group>";
		};
		F85DC2FA21D2CD3000B9F74A /* View Controllers */ = {
			isa = PBXGroup;
			children = (
				F8AC425F21ADEBD60078C348 /* FirstViewController.swift */,
				F8AC426121ADEBD60078C348 /* SecondViewController.swift */,
			);
			path = "View Controllers";
			sourceTree = "<group>";
		};
		F85DC2FB21D2CD7000B9F74A /* Application Delegate */ = {
			isa = PBXGroup;
			children = (
				F8AC425D21ADEBD60078C348 /* AppDelegate.swift */,
			);
			path = "Application Delegate";
			sourceTree = "<group>";
		};
		F85DC2FC21D3E83100B9F74A /* Transmitter */ = {
			isa = PBXGroup;
			children = (
				F85DC2FD21D3E83100B9F74A /* Specific */,
				F85DC2FF21D3E83100B9F74A /* Generic */,
			);
			path = Transmitter;
			sourceTree = "<group>";
		};
		F85DC2FD21D3E83100B9F74A /* Specific */ = {
			isa = PBXGroup;
			children = (
				F85DC2FE21D3E83100B9F74A /* G4 */,
				F8025C0621D8DCE700ECF0C0 /* MiaoMiao */,
			);
			path = Specific;
			sourceTree = "<group>";
		};
		F85DC2FE21D3E83100B9F74A /* G4 */ = {
			isa = PBXGroup;
			children = (
				F85DC30021D3F5CC00B9F74A /* CGMG4xDripTransmitter.swift */,
			);
			path = G4;
			sourceTree = "<group>";
		};
		F85DC2FF21D3E83100B9F74A /* Generic */ = {
			isa = PBXGroup;
			children = (
				F8EA6CAC21BC2CA40082976B /* BluetoothTransmitter.swift */,
				F8025C0C21D95E6B00ECF0C0 /* BluetoothTransmitterDelegate.swift */,
				F8025C0E21D95EC200ECF0C0 /* CGMTransmitterDelegate.swift */,
			);
			path = Generic;
			sourceTree = "<group>";
		};
		F8AC425121ADEBD60078C348 = {
			isa = PBXGroup;
			children = (
				F8AC425B21ADEBD60078C348 /* Products */,
				F8AC425C21ADEBD60078C348 /* xdrip */,
				F85DC29B21CFCEB800B9F74A /* Recovered References */,
			);
			sourceTree = "<group>";
		};
		F8AC425B21ADEBD60078C348 /* Products */ = {
			isa = PBXGroup;
			children = (
				F8AC425A21ADEBD60078C348 /* xdrip.app */,
			);
			name = Products;
			sourceTree = "<group>";
		};
		F8AC425C21ADEBD60078C348 /* xdrip */ = {
			isa = PBXGroup;
			children = (
				F8EA6CA521BAD5AD0082976B /* algorithms */,
				F85DC2FB21D2CD7000B9F74A /* Application Delegate */,
				F8EA6C7521B474120082976B /* applicationdata */,
				F8AC426621ADEBD70078C348 /* Assets.xcassets */,
				F8EA6C7D21B70DEA0082976B /* Constants */,
				F8AC42D021B342910078C348 /* Core Data */,
				F8025C0B21D9513400ECF0C0 /* Extensions */,
				F8AC426B21ADEBD70078C348 /* Info.plist */,
				F85DC2F621D25E3A00B9F74A /* Managers */,
				F85DC2F921D2CCC000B9F74A /* Storyboards */,
				F85DC2FC21D3E83100B9F74A /* Transmitter */,
				F8EA6C8021B723A80082976B /* Utilities */,
				F85DC2FA21D2CD3000B9F74A /* View Controllers */,
			);
			path = xdrip;
			sourceTree = "<group>";
		};
		F8AC42D021B342910078C348 /* Core Data */ = {
			isa = PBXGroup;
			children = (
				F8EA6CA421B9A25B0082976B /* classes */,
				F8EA6CA321B9A21C0082976B /* Extensions */,
				F8AC429F21B31F160078C348 /* xdrip.xcdatamodeld */,
			);
			name = "Core Data";
			path = "xdrip/Core Data";
			sourceTree = SOURCE_ROOT;
		};
		F8EA6C7521B474120082976B /* applicationdata */ = {
			isa = PBXGroup;
			children = (
				F8EA6C9521B848C20082976B /* ActiveSensor.swift */,
				F8EA6C7B21B491740082976B /* BgReadings.swift */,
				F8EA6CB021C05E970082976B /* Calibrations.swift */,
			);
			path = applicationdata;
			sourceTree = "<group>";
		};
		F8EA6C7D21B70DEA0082976B /* Constants */ = {
			isa = PBXGroup;
			children = (
				F8EA6C7E21B70E390082976B /* Constants.swift */,
			);
			name = Constants;
			path = xdrip/Constants;
			sourceTree = SOURCE_ROOT;
		};
		F8EA6C8021B723A80082976B /* Utilities */ = {
			isa = PBXGroup;
			children = (
				F8EA6CA821BBE3010082976B /* UniqueId.swift */,
			);
			path = Utilities;
			sourceTree = "<group>";
		};
		F8EA6CA321B9A21C0082976B /* Extensions */ = {
			isa = PBXGroup;
			children = (
				F85DC2E721CFE2F500B9F74A /* BgReading+CoreDataProperties.swift */,
				F85DC2E521CFE2F500B9F74A /* Calibration+CoreDataProperties.swift */,
				F85DC2E921CFE2F500B9F74A /* Sensor+CoreDataProperties.swift */,
			);
			path = Extensions;
			sourceTree = "<group>";
		};
		F8EA6CA421B9A25B0082976B /* classes */ = {
			isa = PBXGroup;
			children = (
				F85DC2F221CFE3D400B9F74A /* BgReading+CoreDataClass.swift */,
				F85DC2F021CFE3D400B9F74A /* Calibration+CoreDataClass.swift */,
				F85DC2F121CFE3D400B9F74A /* Sensor+CoreDataClass.swift */,
				F8EA6CB221CD5DD90082976B /* SlopeParameters.swift */,
			);
			path = classes;
			sourceTree = "<group>";
		};
		F8EA6CA521BAD5AD0082976B /* algorithms */ = {
			isa = PBXGroup;
			children = (
				F8EA6CA621BAD5AD0082976B /* bgreading */,
				F8EA6CA721BAD5AD0082976B /* calibration */,
			);
			path = algorithms;
			sourceTree = "<group>";
		};
		F8EA6CA621BAD5AD0082976B /* bgreading */ = {
			isa = PBXGroup;
			children = (
				F8EA6C7921B48B390082976B /* BgReadingAlgorithms.swift */,
			);
			path = bgreading;
			sourceTree = "<group>";
		};
		F8EA6CA721BAD5AD0082976B /* calibration */ = {
			isa = PBXGroup;
			children = (
				F8EA6CAE21C0213C0082976B /* CalibrationAlgorithms.swift */,
			);
			path = calibration;
			sourceTree = "<group>";
		};
/* End PBXGroup section */

/* Begin PBXNativeTarget section */
		F8AC425921ADEBD60078C348 /* xdrip */ = {
			isa = PBXNativeTarget;
			buildConfigurationList = F8AC426E21ADEBD70078C348 /* Build configuration list for PBXNativeTarget "xdrip" */;
			buildPhases = (
				F8AC425621ADEBD60078C348 /* Sources */,
				F8AC425721ADEBD60078C348 /* Frameworks */,
				F8AC425821ADEBD60078C348 /* Resources */,
			);
			buildRules = (
			);
			dependencies = (
			);
			name = xdrip;
			productName = xdrip;
			productReference = F8AC425A21ADEBD60078C348 /* xdrip.app */;
			productType = "com.apple.product-type.application";
		};
/* End PBXNativeTarget section */

/* Begin PBXProject section */
		F8AC425221ADEBD60078C348 /* Project object */ = {
			isa = PBXProject;
			attributes = {
				LastSwiftUpdateCheck = 1010;
				LastUpgradeCheck = 1010;
				ORGANIZATIONNAME = "Johan Degraeve";
				TargetAttributes = {
					F8AC425921ADEBD60078C348 = {
						CreatedOnToolsVersion = 10.1;
						SystemCapabilities = {
							com.apple.BackgroundModes = {
								enabled = 1;
							};
						};
					};
				};
			};
			buildConfigurationList = F8AC425521ADEBD60078C348 /* Build configuration list for PBXProject "xdrip" */;
			compatibilityVersion = "Xcode 9.3";
			developmentRegion = en;
			hasScannedForEncodings = 0;
			knownRegions = (
				en,
				Base,
			);
			mainGroup = F8AC425121ADEBD60078C348;
			productRefGroup = F8AC425B21ADEBD60078C348 /* Products */;
			projectDirPath = "";
			projectRoot = "";
			targets = (
				F8AC425921ADEBD60078C348 /* xdrip */,
			);
		};
/* End PBXProject section */

/* Begin PBXResourcesBuildPhase section */
		F8AC425821ADEBD60078C348 /* Resources */ = {
			isa = PBXResourcesBuildPhase;
			buildActionMask = 2147483647;
			files = (
				F8AC426A21ADEBD70078C348 /* LaunchScreen.storyboard in Resources */,
				F8AC426721ADEBD70078C348 /* Assets.xcassets in Resources */,
				F8AC426521ADEBD60078C348 /* Main.storyboard in Resources */,
			);
			runOnlyForDeploymentPostprocessing = 0;
		};
/* End PBXResourcesBuildPhase section */

/* Begin PBXSourcesBuildPhase section */
		F8AC425621ADEBD60078C348 /* Sources */ = {
			isa = PBXSourcesBuildPhase;
			buildActionMask = 2147483647;
			files = (
				F8EA6C8221B723BC0082976B /* Date.swift in Sources */,
				F8AC426221ADEBD60078C348 /* SecondViewController.swift in Sources */,
				F85DC2EB21CFE2F500B9F74A /* Calibration+CoreDataProperties.swift in Sources */,
				F85DC2F521CFE3D400B9F74A /* BgReading+CoreDataClass.swift in Sources */,
				F85DC2ED21CFE2F500B9F74A /* BgReading+CoreDataProperties.swift in Sources */,
				F8025C0821D8DD1F00ECF0C0 /* CGMMiaoMiaoTransmitter.swift in Sources */,
				F8AC42A121B31F170078C348 /* xdrip.xcdatamodeld in Sources */,
				F8025C0D21D95E6B00ECF0C0 /* BluetoothTransmitterDelegate.swift in Sources */,
				F8EA6CB121C05E970082976B /* Calibrations.swift in Sources */,
				F8EA6CA921BBE3010082976B /* UniqueId.swift in Sources */,
				F8EA6C9621B848C20082976B /* ActiveSensor.swift in Sources */,
				F8EA6C7C21B491740082976B /* BgReadings.swift in Sources */,
				F8EA6C7A21B48B390082976B /* BgReadingAlgorithms.swift in Sources */,
				F85DC2F421CFE3D400B9F74A /* Sensor+CoreDataClass.swift in Sources */,
				F85DC2F821D2632F00B9F74A /* CoreDataManager.swift in Sources */,
				F8AC425E21ADEBD60078C348 /* AppDelegate.swift in Sources */,
				F85DC30121D3F5CC00B9F74A /* CGMG4xDripTransmitter.swift in Sources */,
				F8025C0A21D94FD700ECF0C0 /* Bluetooth.swift in Sources */,
				F8EA6CAD21BC2CA40082976B /* BluetoothTransmitter.swift in Sources */,
				F85DC2F321CFE3D400B9F74A /* Calibration+CoreDataClass.swift in Sources */,
				F8EA6CB321CD5DD90082976B /* SlopeParameters.swift in Sources */,
				F8EA6CAF21C0213C0082976B /* CalibrationAlgorithms.swift in Sources */,
				F8025C0F21D95EC200ECF0C0 /* CGMTransmitterDelegate.swift in Sources */,
				F8AC426021ADEBD60078C348 /* FirstViewController.swift in Sources */,
				F8EA6C7F21B70E390082976B /* Constants.swift in Sources */,
				F85DC2EF21CFE2F500B9F74A /* Sensor+CoreDataProperties.swift in Sources */,
			);
			runOnlyForDeploymentPostprocessing = 0;
		};
/* End PBXSourcesBuildPhase section */

/* Begin PBXVariantGroup section */
		F8AC426321ADEBD60078C348 /* Main.storyboard */ = {
			isa = PBXVariantGroup;
			children = (
				F8AC426421ADEBD60078C348 /* Base */,
			);
			name = Main.storyboard;
			sourceTree = "<group>";
		};
		F8AC426821ADEBD70078C348 /* LaunchScreen.storyboard */ = {
			isa = PBXVariantGroup;
			children = (
				F8AC426921ADEBD70078C348 /* Base */,
			);
			name = LaunchScreen.storyboard;
			sourceTree = "<group>";
		};
/* End PBXVariantGroup section */

/* Begin XCBuildConfiguration section */
		F8AC426C21ADEBD70078C348 /* Debug */ = {
			isa = XCBuildConfiguration;
			buildSettings = {
				ALWAYS_SEARCH_USER_PATHS = NO;
				CLANG_ANALYZER_NONNULL = YES;
				CLANG_ANALYZER_NUMBER_OBJECT_CONVERSION = YES_AGGRESSIVE;
				CLANG_CXX_LANGUAGE_STANDARD = "gnu++14";
				CLANG_CXX_LIBRARY = "libc++";
				CLANG_ENABLE_MODULES = YES;
				CLANG_ENABLE_OBJC_ARC = YES;
				CLANG_ENABLE_OBJC_WEAK = YES;
				CLANG_WARN_BLOCK_CAPTURE_AUTORELEASING = YES;
				CLANG_WARN_BOOL_CONVERSION = YES;
				CLANG_WARN_COMMA = YES;
				CLANG_WARN_CONSTANT_CONVERSION = YES;
				CLANG_WARN_DEPRECATED_OBJC_IMPLEMENTATIONS = YES;
				CLANG_WARN_DIRECT_OBJC_ISA_USAGE = YES_ERROR;
				CLANG_WARN_DOCUMENTATION_COMMENTS = YES;
				CLANG_WARN_EMPTY_BODY = YES;
				CLANG_WARN_ENUM_CONVERSION = YES;
				CLANG_WARN_INFINITE_RECURSION = YES;
				CLANG_WARN_INT_CONVERSION = YES;
				CLANG_WARN_NON_LITERAL_NULL_CONVERSION = YES;
				CLANG_WARN_OBJC_IMPLICIT_RETAIN_SELF = YES;
				CLANG_WARN_OBJC_LITERAL_CONVERSION = YES;
				CLANG_WARN_OBJC_ROOT_CLASS = YES_ERROR;
				CLANG_WARN_RANGE_LOOP_ANALYSIS = YES;
				CLANG_WARN_STRICT_PROTOTYPES = YES;
				CLANG_WARN_SUSPICIOUS_MOVE = YES;
				CLANG_WARN_UNGUARDED_AVAILABILITY = YES_AGGRESSIVE;
				CLANG_WARN_UNREACHABLE_CODE = YES;
				CLANG_WARN__DUPLICATE_METHOD_MATCH = YES;
				CODE_SIGN_IDENTITY = "iPhone Developer";
				COPY_PHASE_STRIP = NO;
				DEBUG_INFORMATION_FORMAT = dwarf;
				ENABLE_STRICT_OBJC_MSGSEND = YES;
				ENABLE_TESTABILITY = YES;
				GCC_C_LANGUAGE_STANDARD = gnu11;
				GCC_DYNAMIC_NO_PIC = NO;
				GCC_NO_COMMON_BLOCKS = YES;
				GCC_OPTIMIZATION_LEVEL = 0;
				GCC_PREPROCESSOR_DEFINITIONS = (
					"DEBUG=1",
					"$(inherited)",
				);
				GCC_WARN_64_TO_32_BIT_CONVERSION = YES;
				GCC_WARN_ABOUT_RETURN_TYPE = YES_ERROR;
				GCC_WARN_UNDECLARED_SELECTOR = YES;
				GCC_WARN_UNINITIALIZED_AUTOS = YES_AGGRESSIVE;
				GCC_WARN_UNUSED_FUNCTION = YES;
				GCC_WARN_UNUSED_VARIABLE = YES;
				IPHONEOS_DEPLOYMENT_TARGET = 12.1;
				MTL_ENABLE_DEBUG_INFO = INCLUDE_SOURCE;
				MTL_FAST_MATH = YES;
				ONLY_ACTIVE_ARCH = YES;
				SDKROOT = iphoneos;
				SWIFT_ACTIVE_COMPILATION_CONDITIONS = DEBUG;
				SWIFT_OPTIMIZATION_LEVEL = "-Onone";
			};
			name = Debug;
		};
		F8AC426D21ADEBD70078C348 /* Release */ = {
			isa = XCBuildConfiguration;
			buildSettings = {
				ALWAYS_SEARCH_USER_PATHS = NO;
				CLANG_ANALYZER_NONNULL = YES;
				CLANG_ANALYZER_NUMBER_OBJECT_CONVERSION = YES_AGGRESSIVE;
				CLANG_CXX_LANGUAGE_STANDARD = "gnu++14";
				CLANG_CXX_LIBRARY = "libc++";
				CLANG_ENABLE_MODULES = YES;
				CLANG_ENABLE_OBJC_ARC = YES;
				CLANG_ENABLE_OBJC_WEAK = YES;
				CLANG_WARN_BLOCK_CAPTURE_AUTORELEASING = YES;
				CLANG_WARN_BOOL_CONVERSION = YES;
				CLANG_WARN_COMMA = YES;
				CLANG_WARN_CONSTANT_CONVERSION = YES;
				CLANG_WARN_DEPRECATED_OBJC_IMPLEMENTATIONS = YES;
				CLANG_WARN_DIRECT_OBJC_ISA_USAGE = YES_ERROR;
				CLANG_WARN_DOCUMENTATION_COMMENTS = YES;
				CLANG_WARN_EMPTY_BODY = YES;
				CLANG_WARN_ENUM_CONVERSION = YES;
				CLANG_WARN_INFINITE_RECURSION = YES;
				CLANG_WARN_INT_CONVERSION = YES;
				CLANG_WARN_NON_LITERAL_NULL_CONVERSION = YES;
				CLANG_WARN_OBJC_IMPLICIT_RETAIN_SELF = YES;
				CLANG_WARN_OBJC_LITERAL_CONVERSION = YES;
				CLANG_WARN_OBJC_ROOT_CLASS = YES_ERROR;
				CLANG_WARN_RANGE_LOOP_ANALYSIS = YES;
				CLANG_WARN_STRICT_PROTOTYPES = YES;
				CLANG_WARN_SUSPICIOUS_MOVE = YES;
				CLANG_WARN_UNGUARDED_AVAILABILITY = YES_AGGRESSIVE;
				CLANG_WARN_UNREACHABLE_CODE = YES;
				CLANG_WARN__DUPLICATE_METHOD_MATCH = YES;
				CODE_SIGN_IDENTITY = "iPhone Developer";
				COPY_PHASE_STRIP = NO;
				DEBUG_INFORMATION_FORMAT = "dwarf-with-dsym";
				ENABLE_NS_ASSERTIONS = NO;
				ENABLE_STRICT_OBJC_MSGSEND = YES;
				GCC_C_LANGUAGE_STANDARD = gnu11;
				GCC_NO_COMMON_BLOCKS = YES;
				GCC_WARN_64_TO_32_BIT_CONVERSION = YES;
				GCC_WARN_ABOUT_RETURN_TYPE = YES_ERROR;
				GCC_WARN_UNDECLARED_SELECTOR = YES;
				GCC_WARN_UNINITIALIZED_AUTOS = YES_AGGRESSIVE;
				GCC_WARN_UNUSED_FUNCTION = YES;
				GCC_WARN_UNUSED_VARIABLE = YES;
				IPHONEOS_DEPLOYMENT_TARGET = 12.1;
				MTL_ENABLE_DEBUG_INFO = NO;
				MTL_FAST_MATH = YES;
				SDKROOT = iphoneos;
				SWIFT_COMPILATION_MODE = wholemodule;
				SWIFT_OPTIMIZATION_LEVEL = "-O";
				VALIDATE_PRODUCT = YES;
			};
			name = Release;
		};
		F8AC426F21ADEBD70078C348 /* Debug */ = {
			isa = XCBuildConfiguration;
			buildSettings = {
				ASSETCATALOG_COMPILER_APPICON_NAME = AppIcon;
				CODE_SIGN_STYLE = Automatic;
				DEVELOPMENT_TEAM = 8DKSZ5HNLB;
				INFOPLIST_FILE = xdrip/Info.plist;
				LD_RUNPATH_SEARCH_PATHS = (
					"$(inherited)",
					"@executable_path/Frameworks",
				);
				PRODUCT_BUNDLE_IDENTIFIER = net.johandegraeve.beatit;
				PRODUCT_NAME = "$(TARGET_NAME)";
				SWIFT_VERSION = 4.2;
				TARGETED_DEVICE_FAMILY = "1,2";
			};
			name = Debug;
		};
		F8AC427021ADEBD70078C348 /* Release */ = {
			isa = XCBuildConfiguration;
			buildSettings = {
				ASSETCATALOG_COMPILER_APPICON_NAME = AppIcon;
				CODE_SIGN_STYLE = Automatic;
				DEVELOPMENT_TEAM = 8DKSZ5HNLB;
				INFOPLIST_FILE = xdrip/Info.plist;
				LD_RUNPATH_SEARCH_PATHS = (
					"$(inherited)",
					"@executable_path/Frameworks",
				);
				PRODUCT_BUNDLE_IDENTIFIER = net.johandegraeve.beatit;
				PRODUCT_NAME = "$(TARGET_NAME)";
				SWIFT_VERSION = 4.2;
				TARGETED_DEVICE_FAMILY = "1,2";
			};
			name = Release;
		};
/* End XCBuildConfiguration section */

/* Begin XCConfigurationList section */
		F8AC425521ADEBD60078C348 /* Build configuration list for PBXProject "xdrip" */ = {
			isa = XCConfigurationList;
			buildConfigurations = (
				F8AC426C21ADEBD70078C348 /* Debug */,
				F8AC426D21ADEBD70078C348 /* Release */,
			);
			defaultConfigurationIsVisible = 0;
			defaultConfigurationName = Release;
		};
		F8AC426E21ADEBD70078C348 /* Build configuration list for PBXNativeTarget "xdrip" */ = {
			isa = XCConfigurationList;
			buildConfigurations = (
				F8AC426F21ADEBD70078C348 /* Debug */,
				F8AC427021ADEBD70078C348 /* Release */,
			);
			defaultConfigurationIsVisible = 0;
			defaultConfigurationName = Release;
		};
/* End XCConfigurationList section */

/* Begin XCVersionGroup section */
		F8AC429F21B31F160078C348 /* xdrip.xcdatamodeld */ = {
			isa = XCVersionGroup;
			children = (
				F8AC42A021B31F160078C348 /* xdrip.xcdatamodel */,
			);
			currentVersion = F8AC42A021B31F160078C348 /* xdrip.xcdatamodel */;
			path = xdrip.xcdatamodeld;
			sourceTree = "<group>";
			versionGroupType = wrapper.xcdatamodel;
		};
/* End XCVersionGroup section */
	};
	rootObject = F8AC425221ADEBD60078C348 /* Project object */;
}
