<?xml version="1.0" encoding="UTF-8"?>
<Scheme
   LastUpgradeVersion = "1130"
   version = "1.7">
   <BuildAction
      parallelizeBuildables = "YES"
      buildImplicitDependencies = "YES">
      <BuildActionEntries>
         <BuildActionEntry
            buildForTesting = "YES"
            buildForRunning = "YES"
            buildForProfiling = "YES"
            buildForArchiving = "YES"
            buildForAnalyzing = "YES">
            <BuildableReference
               BuildableIdentifier = "primary"
               BlueprintIdentifier = "86D3B96623EDC434008F13E3"
               BuildableName = "xdripKit.framework"
               BlueprintName = "xdripKit"
               ReferencedContainer = "container:xdrip.xcodeproj">
            </BuildableReference>
         </BuildActionEntry>
      </BuildActionEntries>
   </BuildAction>
   <TestAction
      buildConfiguration = "Debug"
      selectedDebuggerIdentifier = "Xcode.DebuggerFoundation.Debugger.LLDB"
      selectedLauncherIdentifier = "Xcode.DebuggerFoundation.Launcher.LLDB"
      shouldUseLaunchSchemeArgsEnv = "YES">
      <Testables>
      </Testables>
   </TestAction>
   <LaunchAction
      buildConfiguration = "Debug"
      selectedDebuggerIdentifier = "Xcode.DebuggerFoundation.Debugger.LLDB"
      selectedLauncherIdentifier = "Xcode.DebuggerFoundation.Launcher.LLDB"
      launchStyle = "0"
      useCustomWorkingDirectory = "NO"
      ignoresPersistentStateOnLaunch = "NO"
      debugDocumentVersioning = "YES"
      debugServiceExtension = "internal"
      allowLocationSimulation = "YES">
   </LaunchAction>
   <ProfileAction
      buildConfiguration = "Release"
      shouldUseLaunchSchemeArgsEnv = "YES"
      savedToolIdentifier = ""
      useCustomWorkingDirectory = "NO"
      debugDocumentVersioning = "YES">
      <MacroExpansion>
         <BuildableReference
            BuildableIdentifier = "primary"
            BlueprintIdentifier = "86D3B96623EDC434008F13E3"
            BuildableName = "xdripKit.framework"
            BlueprintName = "xdripKit"
            ReferencedContainer = "container:xdrip.xcodeproj">
         </BuildableReference>
      </MacroExpansion>
   </ProfileAction>
   <AnalyzeAction
      buildConfiguration = "Debug">
   </AnalyzeAction>
   <ArchiveAction
      buildConfiguration = "Release"
      revealArchiveInOrganizer = "YES">
      <PostActions>
         <ExecutionAction
            ActionType = "Xcode.IDEStandardExecutionActionsCore.ExecutionActionType.ShellScriptAction">
            <ActionContent
               title = "Run Script"
               scriptText = "# Type a script or drag a script file from your workspace to insert its path.&#10;set -e&#10; &#10;BUILD_INTERMEDIATES=&quot;${OBJROOT}&quot;&#10;BUILD_PRODUCTS=&quot;${SYMROOT}/../../../../Products&quot;&#10;DEVICE_BIN=&quot;${BUILD_INTERMEDIATES}/UninstalledProducts/iphoneos/${TARGET_NAME}.framework&quot;&#10;SIMULATOR_BIN=&quot;${BUILD_PRODUCTS}/Debug-iphonesimulator/${TARGET_NAME}.framework&quot;&#10; &#10;ARCHIVE_PATH=&quot;${SRCROOT}/_Archive&quot;&#10;rm -rf &quot;${ARCHIVE_PATH}&quot;&#10;mkdir &quot;${ARCHIVE_PATH}&quot;&#10; &#10;if [ &quot;${CONFIGURATION}&quot; = &quot;Release&quot; ]; then&#10;if [ -d &quot;${DEVICE_BIN}&quot; ]; then&#10;DEVICE_PATH=&quot;${ARCHIVE_PATH}/Release&quot;&#10;mkdir &quot;${DEVICE_PATH}&quot;&#10;cp -r &quot;${DEVICE_BIN}&quot; &quot;${DEVICE_PATH}&quot;&#10;fi&#10; &#10;if [ -d &quot;${SIMULATOR_BIN}&quot; ]; then&#10;SIMULATOR_PATH=&quot;${ARCHIVE_PATH}/Debug&quot;&#10;mkdir &quot;${SIMULATOR_PATH}&quot;&#10;cp -r &quot;${SIMULATOR_BIN}&quot; &quot;${SIMULATOR_PATH}&quot;&#10;lipo -create &quot;${DEVICE_BIN}/${TARGET_NAME}&quot; &quot;${SIMULATOR_BIN}/${TARGET_NAME}&quot; -output  &quot;${SIMULATOR_PATH}/${TARGET_NAME}.framework/${TARGET_NAME}&quot;&#10;fi&#10;fi&#10; &#10;exit 0;&#10;">
               <EnvironmentBuildable>
                  <BuildableReference
                     BuildableIdentifier = "primary"
                     BlueprintIdentifier = "86D3B96623EDC434008F13E3"
                     BuildableName = "xdripKit.framework"
                     BlueprintName = "xdripKit"
                     ReferencedContainer = "container:xdrip.xcodeproj">
                  </BuildableReference>
               </EnvironmentBuildable>
            </ActionContent>
         </ExecutionAction>
      </PostActions>
   </ArchiveAction>
</Scheme>
